# THIS IS AN AUTOGENERATED FILE. DO NOT EDIT THIS FILE DIRECTLY.
# yarn lockfile v1


"@types/validator@^13.11.8":
  version "13.12.0"
  resolved "https://registry.yarnpkg.com/@types/validator/-/validator-13.12.0.tgz#1fe4c3ae9de5cf5193ce64717c99ef2fa7d8756f"
  integrity sha512-nH45Lk7oPIJ1RVOF6JgFI6Dy0QpHEzq4QecZhvguxYPDwT8c93prCMqAtiIttm39voZ+DDR+qkNnMpJmMBRqag==

cache-manager@^5.7.6:
  version "5.7.6"
  resolved "https://registry.yarnpkg.com/cache-manager/-/cache-manager-5.7.6.tgz#bdd8a154c73e5233824aa09ceb359ed225d37b7e"
  integrity sha512-wBxnBHjDxF1RXpHCBD6HGvKER003Ts7IIm0CHpggliHzN1RZditb7rXoduE1rplc2DEFYKxhLKgFuchXMJje9w==
  dependencies:
    eventemitter3 "^5.0.1"
    lodash.clonedeep "^4.5.0"
    lru-cache "^10.2.2"
    promise-coalesce "^1.1.2"

class-validator@^0.14.1:
  version "0.14.1"
  resolved "https://registry.yarnpkg.com/class-validator/-/class-validator-0.14.1.tgz#ff2411ed8134e9d76acfeb14872884448be98110"
  integrity sha512-2VEG9JICxIqTpoK1eMzZqaV+u/EiwEJkMGzTrZf6sU/fwsnOITVgYJ8yojSy6CaXtO9V0Cc6ZQZ8h8m4UBuLwQ==
  dependencies:
    "@types/validator" "^13.11.8"
    libphonenumber-js "^1.10.53"
    validator "^13.9.0"

cors@^2.8.5:
  version "2.8.5"
  resolved "https://registry.yarnpkg.com/cors/-/cors-2.8.5.tgz#eac11da51592dd86b9f06f6e7ac293b3df875d29"
  integrity sha512-KIHbLJqu73RGr/hnbrO9uBeixNGuvSQjul/jdFvS/KFSIH1hWVd1ng7zOHx+YrEfInLG7q4n6GHQ9cDtxv/P6g==
  dependencies:
    object-assign "^4"
    vary "^1"

dotenv-expand@^11.0.6:
  version "11.0.6"
  resolved "https://registry.yarnpkg.com/dotenv-expand/-/dotenv-expand-11.0.6.tgz#f2c840fd924d7c77a94eff98f153331d876882d3"
  integrity sha512-8NHi73otpWsZGBSZwwknTXS5pqMOrk9+Ssrna8xCaxkzEpU9OTf9R5ArQGVw03//Zmk9MOwLPng9WwndvpAJ5g==
  dependencies:
    dotenv "^16.4.4"

dotenv@^16.4.4:
  version "16.4.5"
  resolved "https://registry.yarnpkg.com/dotenv/-/dotenv-16.4.5.tgz#cdd3b3b604cb327e286b4762e13502f717cb099f"
  integrity sha512-ZmdL2rui+eB2YwhsWzjInR8LldtZHGDoQ1ugH85ppHKwpUHL7j7rN0Ti9NCnGiQbhaZ11FpR+7ao1dNsmduNUg==

eventemitter3@^5.0.1:
  version "5.0.1"
  resolved "https://registry.yarnpkg.com/eventemitter3/-/eventemitter3-5.0.1.tgz#53f5ffd0a492ac800721bb42c66b841de96423c4"
  integrity sha512-GWkBvjiSZK87ELrYOSESUYeVIc9mvLLf/nXalMOS5dYrgZq9o5OVkbZAVM06CVxYsCwH9BDZFPlQTlPA1j4ahA==

libphonenumber-js@^1.10.53:
  version "1.11.7"
  resolved "https://registry.yarnpkg.com/libphonenumber-js/-/libphonenumber-js-1.11.7.tgz#efe4fcf816e1982925e9c800d0013b0ee99b8283"
  integrity sha512-x2xON4/Qg2bRIS11KIN9yCNYUjhtiEjNyptjX0mX+pyKHecxuJVLIpfX1lq9ZD6CrC/rB+y4GBi18c6CEcUR+A==

lodash.clonedeep@^4.5.0:
  version "4.5.0"
  resolved "https://registry.yarnpkg.com/lodash.clonedeep/-/lodash.clonedeep-4.5.0.tgz#e23f3f9c4f8fbdde872529c1071857a086e5ccef"
  integrity sha512-H5ZhCF25riFd9uB5UCkVKo61m3S/xZk1x4wA6yp/L3RFP6Z/eHH1ymQcGLo7J3GMPfm0V/7m1tryHuGVxpqEBQ==

lru-cache@^10.2.2:
  version "10.4.3"
  resolved "https://registry.yarnpkg.com/lru-cache/-/lru-cache-10.4.3.tgz#410fc8a17b70e598013df257c2446b7f3383f119"
  integrity sha512-JNAzZcXrCt42VGLuYz0zfAzDfAvJWW6AfYlDBQyDV5DClI2m5sAmK+OIO7s59XfsRsWHp02jAJrRadPRGTt6SQ==

object-assign@^4:
  version "4.1.1"
  resolved "https://registry.yarnpkg.com/object-assign/-/object-assign-4.1.1.tgz#2109adc7965887cfc05cbbd442cac8bfbb360863"
  integrity sha512-rJgTQnkUnH1sFw8yT6VSU3zD3sWmu6sZhIseY8VX+GRu3P6F7Fu+JNDoXfklElbLJSnc3FUQHVe4cU5hj+BcUg==

promise-coalesce@^1.1.2:
  version "1.1.2"
  resolved "https://registry.yarnpkg.com/promise-coalesce/-/promise-coalesce-1.1.2.tgz#5d3bc4d0b2cf2e41e9df7cbeb6519b2a09459e3d"
  integrity sha512-zLaJ9b8hnC564fnJH6NFSOGZYYdzrAJn2JUUIwzoQb32fG2QAakpDNM+CZo1km6keXkRXRM+hml1BFAPVnPkxg==

validator@^13.9.0:
  version "13.12.0"
  resolved "https://registry.yarnpkg.com/validator/-/validator-13.12.0.tgz#7d78e76ba85504da3fee4fd1922b385914d4b35f"
  integrity sha512-c1Q0mCiPlgdTVVVIJIrBuxNicYE+t/7oKeI9MWLj3fh/uq2Pxh/3eeWbVZ4OcGW1TUf53At0njHw5SMdA3tmMg==

vary@^1:
  version "1.1.2"
  resolved "https://registry.yarnpkg.com/vary/-/vary-1.1.2.tgz#2299f02c6ded30d4a5961b0b9f74524a18f634fc"
  integrity sha512-BNGbWLfd0eUPabhkXUVm0j8uuvREyTh5ovRa/dyow/BqAbZJyC+5fU+IzQOzmAKzYqYRAISoRhdQr3eIZ/PXqg==
